
Microsoft Visual Studio Solution File, Format Version 12.00
# Visual Studio 2012
Project("{FAE04EC0-301F-11D3-BF4B-00C04F79EFBC}") = "Konvertor ćir-lat", "Konvertor ćir-lat\Konvertor ćir-lat.csproj", "{E4E74AA8-319C-477A-917A-4151C949ACDE}"
EndProject
Global
	GlobalSection(SolutionConfigurationPlatforms) = preSolution
		Debug|Any CPU = Debug|Any CPU
		Release|Any CPU = Release|Any CPU
	EndGlobalSection
	GlobalSection(ProjectConfigurationPlatforms) = postSolution
		{E4E74AA8-319C-477A-917A-4151C949ACDE}.Debug|Any CPU.ActiveCfg = Debug|Any CPU
		{E4E74AA8-319C-477A-917A-4151C949ACDE}.Debug|Any CPU.Build.0 = Debug|Any CPU
		{E4E74AA8-319C-477A-917A-4151C949ACDE}.Release|Any CPU.ActiveCfg = Release|Any CPU
		{E4E74AA8-319C-477A-917A-4151C949ACDE}.Release|Any CPU.Build.0 = Release|Any CPU
	EndGlobalSection
	GlobalSection(SolutionProperties) = preSolution
		HideSolutionNode = FALSE
	EndGlobalSection
EndGlobal
